
Microsoft Visual Studio Solution File, Format Version 12.00
# Visual Studio Version 17
VisualStudioVersion = 17.11.35327.3
MinimumVisualStudioVersion = 10.0.40219.1
Project("{9A19103F-16F7-4668-BE54-9A1E7A4F7556}") = "ForumBE", "WebApplication1\ForumBE.csproj", "{79D1D46A-3E7E-42C3-BA12-107F236B1FEC}"
EndProject
Global
	GlobalSection(SolutionConfigurationPlatforms) = preSolution
		Debug|Any CPU = Debug|Any CPU
		Release|Any CPU = Release|Any CPU
	EndGlobalSection
	GlobalSection(ProjectConfigurationPlatforms) = postSolution
		{79D1D46A-3E7E-42C3-BA12-107F236B1FEC}.Debug|Any CPU.ActiveCfg = Debug|Any CPU
		{79D1D46A-3E7E-42C3-BA12-107F236B1FEC}.Debug|Any CPU.Build.0 = Debug|Any CPU
		{79D1D46A-3E7E-42C3-BA12-107F236B1FEC}.Release|Any CPU.ActiveCfg = Release|Any CPU
		{79D1D46A-3E7E-42C3-BA12-107F236B1FEC}.Release|Any CPU.Build.0 = Release|Any CPU
	EndGlobalSection
	GlobalSection(SolutionProperties) = preSolution
		HideSolutionNode = FALSE
	EndGlobalSection
	GlobalSection(ExtensibilityGlobals) = postSolution
		SolutionGuid = {48D2C509-1DAE-49B3-A33E-777D77BC8BE0}
	EndGlobalSection
EndGlobal
